Microsoft Visual Studio Solution File, Format Version 8.00
Project("{8BC9CEB8-8B4A-11D0-8D11-00A0C91BC942}") = "test_surfacelet", "test_surfacelet.vcproj", "{FE032EDA-72A1-410D-8F04-E6D8975BDC5A}"
	ProjectSection(ProjectDependencies) = postProject
	EndProjectSection
EndProject
Global
	GlobalSection(SolutionConfiguration) = preSolution
		Debug = Debug
		Release = Release
	EndGlobalSection
	GlobalSection(ProjectConfiguration) = postSolution
		{FE032EDA-72A1-410D-8F04-E6D8975BDC5A}.Debug.ActiveCfg = Debug|Win32
		{FE032EDA-72A1-410D-8F04-E6D8975BDC5A}.Debug.Build.0 = Debug|Win32
		{FE032EDA-72A1-410D-8F04-E6D8975BDC5A}.Release.ActiveCfg = Release|Win32
		{FE032EDA-72A1-410D-8F04-E6D8975BDC5A}.Release.Build.0 = Release|Win32
	EndGlobalSection
	GlobalSection(ExtensibilityGlobals) = postSolution
	EndGlobalSection
	GlobalSection(ExtensibilityAddIns) = postSolution
	EndGlobalSection
EndGlobal
